
Microsoft Visual Studio Solution File, Format Version 12.00
# Visual Studio Version 17
VisualStudioVersion = 17.9.34728.123
MinimumVisualStudioVersion = 10.0.40219.1
Project("{9A19103F-16F7-4668-BE54-9A1E7A4F7556}") = "ConsoleApp2", "ConsoleApp2\ConsoleApp2.csproj", "{399DC13A-2394-4A0B-AA9E-1F9BF9D2EAAD}"
EndProject
Global
	GlobalSection(SolutionConfigurationPlatforms) = preSolution
		Debug|Any CPU = Debug|Any CPU
		Release|Any CPU = Release|Any CPU
	EndGlobalSection
	GlobalSection(ProjectConfigurationPlatforms) = postSolution
		{399DC13A-2394-4A0B-AA9E-1F9BF9D2EAAD}.Debug|Any CPU.ActiveCfg = Debug|Any CPU
		{399DC13A-2394-4A0B-AA9E-1F9BF9D2EAAD}.Debug|Any CPU.Build.0 = Debug|Any CPU
		{399DC13A-2394-4A0B-AA9E-1F9BF9D2EAAD}.Release|Any CPU.ActiveCfg = Release|Any CPU
		{399DC13A-2394-4A0B-AA9E-1F9BF9D2EAAD}.Release|Any CPU.Build.0 = Release|Any CPU
	EndGlobalSection
	GlobalSection(SolutionProperties) = preSolution
		HideSolutionNode = FALSE
	EndGlobalSection
	GlobalSection(ExtensibilityGlobals) = postSolution
		SolutionGuid = {5D7D813D-882F-4699-B582-3930959F6E2D}
	EndGlobalSection
EndGlobal
